
Microsoft Visual Studio Solution File, Format Version 12.00
# Visual Studio Version 17
VisualStudioVersion = 17.12.35527.113 d17.12
MinimumVisualStudioVersion = 10.0.40219.1
Project("{FAE04EC0-301F-11D3-BF4B-00C04F79EFBC}") = "CargoPay.Api", "CargoPay.Api\CargoPay.Api.csproj", "{FE32188E-0E6C-4175-A66F-7697A657A0B3}"
EndProject
Project("{FAE04EC0-301F-11D3-BF4B-00C04F79EFBC}") = "CargoPay.Application", "CargoPay.Application\CargoPay.Application.csproj", "{F8D94B0C-F8F8-4279-B54C-6D167C4237BA}"
EndProject
Project("{FAE04EC0-301F-11D3-BF4B-00C04F79EFBC}") = "CargoPay.Data", "CargoPay.Data\CargoPay.Data.csproj", "{5B183049-1BCB-453E-8067-C417DB426D9C}"
EndProject
Project("{FAE04EC0-301F-11D3-BF4B-00C04F79EFBC}") = "CargoPay.Infrastructure", "CargoPay.Infrastructure\CargoPay.Infrastructure.csproj", "{DBBA07C0-0FF2-4B2C-B308-EDFD726E83C7}"
EndProject
Global
	GlobalSection(SolutionConfigurationPlatforms) = preSolution
		Debug|Any CPU = Debug|Any CPU
		Release|Any CPU = Release|Any CPU
	EndGlobalSection
	GlobalSection(ProjectConfigurationPlatforms) = postSolution
		{FE32188E-0E6C-4175-A66F-7697A657A0B3}.Debug|Any CPU.ActiveCfg = Debug|Any CPU
		{FE32188E-0E6C-4175-A66F-7697A657A0B3}.Debug|Any CPU.Build.0 = Debug|Any CPU
		{FE32188E-0E6C-4175-A66F-7697A657A0B3}.Release|Any CPU.ActiveCfg = Release|Any CPU
		{FE32188E-0E6C-4175-A66F-7697A657A0B3}.Release|Any CPU.Build.0 = Release|Any CPU
		{F8D94B0C-F8F8-4279-B54C-6D167C4237BA}.Debug|Any CPU.ActiveCfg = Debug|Any CPU
		{F8D94B0C-F8F8-4279-B54C-6D167C4237BA}.Debug|Any CPU.Build.0 = Debug|Any CPU
		{F8D94B0C-F8F8-4279-B54C-6D167C4237BA}.Release|Any CPU.ActiveCfg = Release|Any CPU
		{F8D94B0C-F8F8-4279-B54C-6D167C4237BA}.Release|Any CPU.Build.0 = Release|Any CPU
		{5B183049-1BCB-453E-8067-C417DB426D9C}.Debug|Any CPU.ActiveCfg = Debug|Any CPU
		{5B183049-1BCB-453E-8067-C417DB426D9C}.Debug|Any CPU.Build.0 = Debug|Any CPU
		{5B183049-1BCB-453E-8067-C417DB426D9C}.Release|Any CPU.ActiveCfg = Release|Any CPU
		{5B183049-1BCB-453E-8067-C417DB426D9C}.Release|Any CPU.Build.0 = Release|Any CPU
		{DBBA07C0-0FF2-4B2C-B308-EDFD726E83C7}.Debug|Any CPU.ActiveCfg = Debug|Any CPU
		{DBBA07C0-0FF2-4B2C-B308-EDFD726E83C7}.Debug|Any CPU.Build.0 = Debug|Any CPU
		{DBBA07C0-0FF2-4B2C-B308-EDFD726E83C7}.Release|Any CPU.ActiveCfg = Release|Any CPU
		{DBBA07C0-0FF2-4B2C-B308-EDFD726E83C7}.Release|Any CPU.Build.0 = Release|Any CPU
	EndGlobalSection
	GlobalSection(SolutionProperties) = preSolution
		HideSolutionNode = FALSE
	EndGlobalSection
EndGlobal
